{
    "hash": "4ee1a7dca42a4818ded11e504b1be3e5",
    "packages": [
        {
            "name": "Arbit/SystemProcess",
            "version": "dev-master",
            "source": {
                "type": "git",
                "url": "https://github.com/Arbitracker/system-process",
                "reference": "e0065ac37debaad8d97670d9a63959292be49dfc"
            },
            "type": "library",
            "autoload": {
                "psr-0": {
                    "SystemProcess": "src/main/php/"
                }
            },
            "description": "System process execution library",
            "time": "2013-03-29 17:21:12"
        },
        {
            "name": "Arbit/XML",
            "version": "dev-master",
            "source": {
                "type": "git",
                "url": "https://github.com/Arbitracker/XML",
                "reference": "cca2e65b92913b644c90957f1db1879f13797b5b"
            },
            "type": "library",
            "autoload": {
                "psr-0": {
                    "Arbit\\Xml": "src/php/"
                }
            },
            "description": "XML reader with a SimpleXML like API.",
            "time": "2012-07-29 17:18:07"
        }
    ],
    "packages-dev": [

    ],
    "aliases": [

    ],
    "minimum-stability": "dev",
    "stability-flags": [

    ],
    "platform": [

    ],
    "platform-dev": [

    ]
}
